{
  "name": "projece-v3",
  "lockfileVersion": 3,
  "requires": true,
  "packages": {
    "": {
      "dependencies": {
        "funciones": "file:Funciones",
        "personajes": "file:personajes"
      }
    },
    "Funciones": {
      "name": "funciones",
      "version": "1.0.0",
      "license": "ISC"
    },
    "node_modules/funciones": {
      "resolved": "Funciones",
      "link": true
    },
    "node_modules/personajes": {
      "resolved": "personajes",
      "link": true
    },
    "personajes": {
      "version": "1.0.0",
      "license": "ISC"
    }
  }
}
