{
  "name": "projece-v3",
  "version": "1.0.0",
  "lockfileVersion": 3,
  "requires": true,
  "packages": {
    "": {
      "name": "projece-v3",
      "version": "1.0.0",
      "license": "ISC",
      "dependencies": {
        "funciones": "file:Funciones",
        "personajes": "file:personajes",
        "prompt-sync": "^4.2.0",
        "terminalutils": "file:terminalUtils"
      }
    },
    "Funciones": {
      "name": "funciones",
      "version": "1.0.0",
      "license": "ISC"
    },
    "node_modules/ansi-regex": {
      "version": "4.1.1",
      "license": "MIT",
      "engines": {
        "node": ">=6"
      }
    },
    "node_modules/funciones": {
      "resolved": "Funciones",
      "link": true
    },
    "node_modules/personajes": {
      "resolved": "personajes",
      "link": true
    },
    "node_modules/prompt-sync": {
      "version": "4.2.0",
      "license": "MIT",
      "dependencies": {
        "strip-ansi": "^5.0.0"
      }
    },
    "node_modules/strip-ansi": {
      "version": "5.2.0",
      "license": "MIT",
      "dependencies": {
        "ansi-regex": "^4.1.0"
      },
      "engines": {
        "node": ">=6"
      }
    },
    "node_modules/terminalutils": {
      "resolved": "terminalUtils",
      "link": true
    },
    "personajes": {
      "version": "1.0.0",
      "license": "ISC"
    },
    "terminalUtils": {
      "name": "terminalutils",
      "version": "1.0.0",
      "license": "ISC"
    }
  }
}
